{
  "version": 4,
  "terraform_version": "0.14.3",
  "serial": 7,
  "lineage": "8370e219-dc21-d422-2f7d-278555d74c89",
  "outputs": {
    "gcp_cluster_endpoint": {
      "value": "google_container_cluster.gcp_kubernetes.endpoint",
      "type": "string"
    },
    "gcp_cluster_name": {
      "value": "google_container_cluster.gcp_kubernetes.name",
      "type": "string"
    },
    "gcp_ssh_command": {
      "value": "ssh rreis@34.71.121.27",
      "type": "string"
    }
  },
  "resources": [
    {
      "mode": "managed",
      "type": "google_container_cluster",
      "name": "gcp_kubernetes",
      "provider": "provider[\"registry.terraform.io/hashicorp/google\"]",
      "instances": [
        {
          "schema_version": 1,
          "attributes": {
            "addons_config": [
              {
                "cloudrun_config": [],
                "horizontal_pod_autoscaling": [],
                "http_load_balancing": [],
                "network_policy_config": [
                  {
                    "disabled": true
                  }
                ]
              }
            ],
            "authenticator_groups_config": [],
            "cluster_autoscaling": [
              {
                "auto_provisioning_defaults": [],
                "enabled": false,
                "resource_limits": []
              }
            ],
            "cluster_ipv4_cidr": "10.0.0.0/14",
            "database_encryption": [
              {
                "key_name": "",
                "state": "DECRYPTED"
              }
            ],
            "default_max_pods_per_node": null,
            "description": "",
            "enable_binary_authorization": false,
            "enable_intranode_visibility": null,
            "enable_kubernetes_alpha": false,
            "enable_legacy_abac": false,
            "enable_shielded_nodes": false,
            "enable_tpu": null,
            "endpoint": "34.71.121.27",
            "id": "projects/infrateste/locations/us-central1-c/clusters/srekubernetes",
            "initial_node_count": 1,
            "instance_group_urls": [
              "https://www.googleapis.com/compute/v1/projects/infrateste/zones/us-central1-c/instanceGroups/gke-srekubernetes-default-pool-0bdb7670-grp"
            ],
            "ip_allocation_policy": [],
            "label_fingerprint": "a9dc16a7",
            "location": "us-central1-c",
            "logging_service": "logging.googleapis.com/kubernetes",
            "maintenance_policy": [],
            "master_auth": [
              {
                "client_certificate": "",
                "client_certificate_config": [
                  {
                    "issue_client_certificate": false
                  }
                ],
                "client_key": "",
                "cluster_ca_certificate": "LS0tLS1CRUdJTiBDRVJUSUZJQ0FURS0tLS0tCk1JSURLakNDQWhLZ0F3SUJBZ0lRS2FnWlJSMnpCN2dVaU5PSFA4aHBoREFOQmdrcWhraUc5dzBCQVFzRkFEQXYKTVMwd0t3WURWUVFERXlSbFl6ZzJZelF6WmkwME1qQTJMVFF3TURJdE9ESTFOaTA0TUdVellXVmhZamxrTkRjdwpIaGNOTWpFd01USTNNVEl5TURJd1doY05Nall3TVRJMk1UTXlNREl3V2pBdk1TMHdLd1lEVlFRREV5UmxZemcyCll6UXpaaTAwTWpBMkxUUXdNREl0T0RJMU5pMDRNR1V6WVdWaFlqbGtORGN3Z2dFaU1BMEdDU3FHU0liM0RRRUIKQVFVQUE0SUJEd0F3Z2dFS0FvSUJBUUNaTW1NWmQxZlIyUFQ4eEFHemIvUVZRdUE5WFMrYUdxazcwcU4yTGY4MApJNE93MUo3WXhCQ05OZ3JQUEhNOEJSTUIzTGlrd1g1RkhZdDQxWDJ5QWlMZXhVSGc3RjR1NFhRUkhOL1FlLzhNCkVkeE4xelkyT0JkdHYrRmZ6LzRXeTgvZjZ1UnhsbjJzR2xXM2JOVnc5dEtHWkpyQVlYQVJwenM1cjMvVEhXaDYKWWM5dDBjdDUrdmtiZUdoSmhVeTY3dXBldkRmWTdSMi96WDAzQy9Jd3FTUWNpOUNQQTV2THd2aVdLOHRxU2hRcgp0aTNxVW5wS2E2QkdvOU1rdURyRkoySW1oWVVScTNSUUJUaGk4Wk5jVmlZMXFFOWxWLzM1RlpxalZZT01mYy9BCjFHRGYyTHJEVUdoTDJkUzh2dnpGL29mOGVuOHRHaWpEcC9hU1N1L0lnQTZKQWdNQkFBR2pRakJBTUE0R0ExVWQKRHdFQi93UUVBd0lDQkRBUEJnTlZIUk1CQWY4RUJUQURBUUgvTUIwR0ExVWREZ1FXQkJTdnAwNWZnbUFrVGJyRwpjbGJZTEhPOGtsdEFsekFOQmdrcWhraUc5dzBCQVFzRkFBT0NBUUVBUDVEaWMrRFIyVjBlWENRbDhSdDF4NjkyCk1DcE15YjZJRlFTM0h4azFvT0lUa0VOYUpNVzMra0dmQjZqN0VCRWMrTXpDWk5CTDl1TW9hOHNvNFBQU25BM3UKWHhYOXEvVzBaYk1PUjJ4bzNXU1pxVkM0eDhCODBYeHlxOCs3N0hDdjlPVlpPZHFDdDRaa3dYKzN2OFo2V1FYMgpuYlZVdzc2M3FWWjZiYnpDRi9kSmp1NmpJZzZDbGYxWXdScXFBcGtaZzhwTFBqcFkzZk0rOEVrcC9MRXZhME93Cmo0UTdyaXRMdjJnUWMrV1ZMYlpVK2Rwdm05TUIwUlVlUlRLNzhQbUlEdkNSZngvcDZ2M1YreXlIdnVnNDFEdkwKTHRwT09JaTdINlR1OXh6aVo2SERLTURhbk9VODdyKzR4bkVSclI3a3piWHViMDVjRlg2VUZWV3NpY1NIOHc9PQotLS0tLUVORCBDRVJUSUZJQ0FURS0tLS0tCg==",
                "password": "var.linux_admin_password",
                "username": "var.linux_admin_username"
              }
            ],
            "master_authorized_networks_config": [],
            "master_version": "1.16.15-gke.6000",
            "min_master_version": null,
            "monitoring_service": "monitoring.googleapis.com/kubernetes",
            "name": "srekubernetes",
            "network": "projects/infrateste/global/networks/default",
            "network_policy": [
              {
                "enabled": false,
                "provider": "PROVIDER_UNSPECIFIED"
              }
            ],
            "node_config": [
              {
                "disk_size_gb": 100,
                "disk_type": "pd-standard",
                "guest_accelerator": [],
                "image_type": "COS",
                "labels": {
                  "this-is-for": "dev-cluster"
                },
                "local_ssd_count": 0,
                "machine_type": "n1-standard-1",
                "metadata": {
                  "disable-legacy-endpoints": "true"
                },
                "min_cpu_platform": "",
                "oauth_scopes": [
                  "https://www.googleapis.com/auth/logging.write",
                  "https://www.googleapis.com/auth/monitoring"
                ],
                "preemptible": false,
                "service_account": "default",
                "shielded_instance_config": [
                  {
                    "enable_integrity_monitoring": true,
                    "enable_secure_boot": false
                  }
                ],
                "tags": [
                  "dev",
                  "work"
                ],
                "taint": [],
                "workload_metadata_config": []
              }
            ],
            "node_locations": [],
            "node_pool": [
              {
                "autoscaling": [],
                "initial_node_count": 1,
                "instance_group_urls": [
                  "https://www.googleapis.com/compute/v1/projects/infrateste/zones/us-central1-c/instanceGroupManagers/gke-srekubernetes-default-pool-0bdb7670-grp"
                ],
                "management": [
                  {
                    "auto_repair": true,
                    "auto_upgrade": true
                  }
                ],
                "max_pods_per_node": 0,
                "name": "default-pool",
                "name_prefix": "",
                "node_config": [
                  {
                    "disk_size_gb": 100,
                    "disk_type": "pd-standard",
                    "guest_accelerator": [],
                    "image_type": "COS",
                    "labels": {
                      "this-is-for": "dev-cluster"
                    },
                    "local_ssd_count": 0,
                    "machine_type": "n1-standard-1",
                    "metadata": {
                      "disable-legacy-endpoints": "true"
                    },
                    "min_cpu_platform": "",
                    "oauth_scopes": [
                      "https://www.googleapis.com/auth/logging.write",
                      "https://www.googleapis.com/auth/monitoring"
                    ],
                    "preemptible": false,
                    "service_account": "default",
                    "shielded_instance_config": [
                      {
                        "enable_integrity_monitoring": true,
                        "enable_secure_boot": false
                      }
                    ],
                    "tags": [
                      "dev",
                      "work"
                    ],
                    "taint": [],
                    "workload_metadata_config": []
                  }
                ],
                "node_count": 1,
                "node_locations": [
                  "us-central1-c"
                ],
                "upgrade_settings": [
                  {
                    "max_surge": 1,
                    "max_unavailable": 0
                  }
                ],
                "version": "1.16.15-gke.6000"
              }
            ],
            "node_version": "1.16.15-gke.6000",
            "operation": null,
            "pod_security_policy_config": [],
            "private_cluster_config": [],
            "project": "infrateste",
            "release_channel": [
              {
                "channel": "UNSPECIFIED"
              }
            ],
            "remove_default_node_pool": null,
            "resource_labels": null,
            "resource_usage_export_config": [],
            "self_link": "https://container.googleapis.com/v1beta1/projects/infrateste/zones/us-central1-c/clusters/srekubernetes",
            "services_ipv4_cidr": "10.3.240.0/20",
            "subnetwork": "projects/infrateste/regions/us-central1/subnetworks/default",
            "timeouts": null,
            "vertical_pod_autoscaling": [],
            "workload_identity_config": []
          },
          "sensitive_attributes": [],
          "private": "eyJlMmJmYjczMC1lY2FhLTExZTYtOGY4OC0zNDM2M2JjN2M0YzAiOnsiY3JlYXRlIjoyNDAwMDAwMDAwMDAwLCJkZWxldGUiOjI0MDAwMDAwMDAwMDAsInJlYWQiOjI0MDAwMDAwMDAwMDAsInVwZGF0ZSI6MzYwMDAwMDAwMDAwMH0sInNjaGVtYV92ZXJzaW9uIjoiMSJ9"
        }
      ]
    }
  ]
}
